
Microsoft Visual Studio Solution File, Format Version 12.00
# Visual Studio 15
VisualStudioVersion = 15.0.26730.8
MinimumVisualStudioVersion = 10.0.40219.1
Project("{FAE04EC0-301F-11D3-BF4B-00C04F79EFBC}") = "WebWriterV2", "WebWriterV2\WebWriterV2.csproj", "{E93D4246-C1FB-456A-84B4-362EC4A0541C}"
EndProject
Project("{FAE04EC0-301F-11D3-BF4B-00C04F79EFBC}") = "Dal", "Dao\Dal.csproj", "{3AF58E93-9F23-4642-8B00-D13204A0B8E7}"
EndProject
Project("{FAE04EC0-301F-11D3-BF4B-00C04F79EFBC}") = "VkApi", "VkApi\VkApi.csproj", "{B3BC9F9B-32A0-4276-B741-A2698B72DC28}"
EndProject
Project("{FAE04EC0-301F-11D3-BF4B-00C04F79EFBC}") = "WebWriterV2Test", "WebWriterV2Test\WebWriterV2Test.csproj", "{DBFC99E2-9EF9-4897-A605-708FF57A12F5}"
EndProject
Global
	GlobalSection(SolutionConfigurationPlatforms) = preSolution
		Debug|Any CPU = Debug|Any CPU
		EpamPc|Any CPU = EpamPc|Any CPU
		Nara|Any CPU = Nara|Any CPU
		Release|Any CPU = Release|Any CPU
	EndGlobalSection
	GlobalSection(ProjectConfigurationPlatforms) = postSolution
		{E93D4246-C1FB-456A-84B4-362EC4A0541C}.Debug|Any CPU.ActiveCfg = Debug|Any CPU
		{E93D4246-C1FB-456A-84B4-362EC4A0541C}.Debug|Any CPU.Build.0 = Debug|Any CPU
		{E93D4246-C1FB-456A-84B4-362EC4A0541C}.EpamPc|Any CPU.ActiveCfg = EpamPc|Any CPU
		{E93D4246-C1FB-456A-84B4-362EC4A0541C}.EpamPc|Any CPU.Build.0 = EpamPc|Any CPU
		{E93D4246-C1FB-456A-84B4-362EC4A0541C}.Nara|Any CPU.ActiveCfg = Nara|Any CPU
		{E93D4246-C1FB-456A-84B4-362EC4A0541C}.Nara|Any CPU.Build.0 = Nara|Any CPU
		{E93D4246-C1FB-456A-84B4-362EC4A0541C}.Release|Any CPU.ActiveCfg = Release|Any CPU
		{E93D4246-C1FB-456A-84B4-362EC4A0541C}.Release|Any CPU.Build.0 = Release|Any CPU
		{3AF58E93-9F23-4642-8B00-D13204A0B8E7}.Debug|Any CPU.ActiveCfg = Debug|Any CPU
		{3AF58E93-9F23-4642-8B00-D13204A0B8E7}.Debug|Any CPU.Build.0 = Debug|Any CPU
		{3AF58E93-9F23-4642-8B00-D13204A0B8E7}.EpamPc|Any CPU.ActiveCfg = EpamPc|Any CPU
		{3AF58E93-9F23-4642-8B00-D13204A0B8E7}.EpamPc|Any CPU.Build.0 = EpamPc|Any CPU
		{3AF58E93-9F23-4642-8B00-D13204A0B8E7}.Nara|Any CPU.ActiveCfg = Nara|Any CPU
		{3AF58E93-9F23-4642-8B00-D13204A0B8E7}.Nara|Any CPU.Build.0 = Nara|Any CPU
		{3AF58E93-9F23-4642-8B00-D13204A0B8E7}.Release|Any CPU.ActiveCfg = Release|Any CPU
		{3AF58E93-9F23-4642-8B00-D13204A0B8E7}.Release|Any CPU.Build.0 = Release|Any CPU
		{B3BC9F9B-32A0-4276-B741-A2698B72DC28}.Debug|Any CPU.ActiveCfg = Debug|Any CPU
		{B3BC9F9B-32A0-4276-B741-A2698B72DC28}.Debug|Any CPU.Build.0 = Debug|Any CPU
		{B3BC9F9B-32A0-4276-B741-A2698B72DC28}.EpamPc|Any CPU.ActiveCfg = EpamPc|Any CPU
		{B3BC9F9B-32A0-4276-B741-A2698B72DC28}.EpamPc|Any CPU.Build.0 = EpamPc|Any CPU
		{B3BC9F9B-32A0-4276-B741-A2698B72DC28}.Nara|Any CPU.ActiveCfg = Nara|Any CPU
		{B3BC9F9B-32A0-4276-B741-A2698B72DC28}.Nara|Any CPU.Build.0 = Nara|Any CPU
		{B3BC9F9B-32A0-4276-B741-A2698B72DC28}.Release|Any CPU.ActiveCfg = Release|Any CPU
		{B3BC9F9B-32A0-4276-B741-A2698B72DC28}.Release|Any CPU.Build.0 = Release|Any CPU
		{DBFC99E2-9EF9-4897-A605-708FF57A12F5}.Debug|Any CPU.ActiveCfg = Debug|Any CPU
		{DBFC99E2-9EF9-4897-A605-708FF57A12F5}.Debug|Any CPU.Build.0 = Debug|Any CPU
		{DBFC99E2-9EF9-4897-A605-708FF57A12F5}.EpamPc|Any CPU.ActiveCfg = Release|Any CPU
		{DBFC99E2-9EF9-4897-A605-708FF57A12F5}.EpamPc|Any CPU.Build.0 = Release|Any CPU
		{DBFC99E2-9EF9-4897-A605-708FF57A12F5}.Nara|Any CPU.ActiveCfg = Nara|Any CPU
		{DBFC99E2-9EF9-4897-A605-708FF57A12F5}.Nara|Any CPU.Build.0 = Nara|Any CPU
		{DBFC99E2-9EF9-4897-A605-708FF57A12F5}.Release|Any CPU.ActiveCfg = Release|Any CPU
		{DBFC99E2-9EF9-4897-A605-708FF57A12F5}.Release|Any CPU.Build.0 = Release|Any CPU
	EndGlobalSection
	GlobalSection(SolutionProperties) = preSolution
		HideSolutionNode = FALSE
	EndGlobalSection
	GlobalSection(ExtensibilityGlobals) = postSolution
		SolutionGuid = {2FC51D6B-F687-48C6-ACEC-0A7CA7BB615D}
	EndGlobalSection
EndGlobal
